
Microsoft Visual Studio Solution File, Format Version 12.00
# Visual Studio Version 18
VisualStudioVersion = 18.0.11222.15
MinimumVisualStudioVersion = 10.0.40219.1
Project("{FAE04EC0-301F-11D3-BF4B-00C04F79EFBC}") = "Gfx2d.Engine", "Gfx2d.Engine\Gfx2d.Engine.csproj", "{D368FE21-6302-446B-8379-BAD2698925CD}"
EndProject
Project("{FAE04EC0-301F-11D3-BF4B-00C04F79EFBC}") = "Gfx2d.Resources", "Gfx2d.Resources\Gfx2d.Resources.csproj", "{781F6BED-9551-AF78-3EA9-6211CFA1685B}"
EndProject
Project("{FAE04EC0-301F-11D3-BF4B-00C04F79EFBC}") = "Gfx2d.ResourceEditor", "Gfx2d.ResourceEditor\Gfx2d.ResourceEditor.csproj", "{D8EF1118-E657-4EFE-8E6F-57E383E14007}"
EndProject
Project("{FAE04EC0-301F-11D3-BF4B-00C04F79EFBC}") = "Gfx2d.Standalone", "Gfx2d.Standalone\Gfx2d.Standalone.csproj", "{73BFAA8C-1CD8-4FD2-B48F-6DC6BC3B340D}"
EndProject
Global
	GlobalSection(SolutionConfigurationPlatforms) = preSolution
		Debug|Any CPU = Debug|Any CPU
		Release|Any CPU = Release|Any CPU
	EndGlobalSection
	GlobalSection(ProjectConfigurationPlatforms) = postSolution
		{D368FE21-6302-446B-8379-BAD2698925CD}.Debug|Any CPU.ActiveCfg = Debug|Any CPU
		{D368FE21-6302-446B-8379-BAD2698925CD}.Debug|Any CPU.Build.0 = Debug|Any CPU
		{D368FE21-6302-446B-8379-BAD2698925CD}.Release|Any CPU.ActiveCfg = Release|Any CPU
		{D368FE21-6302-446B-8379-BAD2698925CD}.Release|Any CPU.Build.0 = Release|Any CPU
		{781F6BED-9551-AF78-3EA9-6211CFA1685B}.Debug|Any CPU.ActiveCfg = Debug|Any CPU
		{781F6BED-9551-AF78-3EA9-6211CFA1685B}.Debug|Any CPU.Build.0 = Debug|Any CPU
		{781F6BED-9551-AF78-3EA9-6211CFA1685B}.Release|Any CPU.ActiveCfg = Release|Any CPU
		{781F6BED-9551-AF78-3EA9-6211CFA1685B}.Release|Any CPU.Build.0 = Release|Any CPU
		{D8EF1118-E657-4EFE-8E6F-57E383E14007}.Debug|Any CPU.ActiveCfg = Debug|Any CPU
		{D8EF1118-E657-4EFE-8E6F-57E383E14007}.Debug|Any CPU.Build.0 = Debug|Any CPU
		{D8EF1118-E657-4EFE-8E6F-57E383E14007}.Release|Any CPU.ActiveCfg = Release|Any CPU
		{D8EF1118-E657-4EFE-8E6F-57E383E14007}.Release|Any CPU.Build.0 = Release|Any CPU
		{73BFAA8C-1CD8-4FD2-B48F-6DC6BC3B340D}.Debug|Any CPU.ActiveCfg = Debug|Any CPU
		{73BFAA8C-1CD8-4FD2-B48F-6DC6BC3B340D}.Debug|Any CPU.Build.0 = Debug|Any CPU
		{73BFAA8C-1CD8-4FD2-B48F-6DC6BC3B340D}.Release|Any CPU.ActiveCfg = Release|Any CPU
		{73BFAA8C-1CD8-4FD2-B48F-6DC6BC3B340D}.Release|Any CPU.Build.0 = Release|Any CPU
	EndGlobalSection
	GlobalSection(SolutionProperties) = preSolution
		HideSolutionNode = FALSE
	EndGlobalSection
	GlobalSection(ExtensibilityGlobals) = postSolution
		SolutionGuid = {97AF76AB-6692-44AF-B68D-8C61E71F3BC5}
	EndGlobalSection
EndGlobal
